{
  "version": 4,
  "terraform_version": "1.2.4",
  "serial": 5,
  "lineage": "8f9c7e08-db84-c6d4-b6cc-46abea6429ba",
  "outputs": {},
  "resources": [
    {
      "mode": "managed",
      "type": "proxmox_vm_qemu",
      "name": "control_plane",
      "provider": "provider[\"registry.terraform.io/telmate/proxmox\"]",
      "instances": [
        {
          "index_key": 0,
          "schema_version": 0,
          "attributes": {
            "additional_wait": 0,
            "agent": 0,
            "args": "",
            "automatic_reboot": true,
            "balloon": 0,
            "bios": "seabios",
            "boot": "c",
            "bootdisk": "scsi0",
            "bridge": "",
            "ci_wait": null,
            "cicustom": "",
            "cipassword": "",
            "ciuser": "",
            "clone": "ubuntu-2004-cloudinit-template",
            "clone_wait": 0,
            "cloudinit_cdrom_storage": null,
            "cores": 4,
            "cpu": "host",
            "default_ipv4_address": null,
            "define_connection_info": true,
            "desc": "",
            "disk": [
              {
                "aio": "",
                "backup": 0,
                "cache": "none",
                "discard": "",
                "file": "vm-108-disk-0",
                "format": "raw",
                "iothread": 1,
                "mbps": 0,
                "mbps_rd": 0,
                "mbps_rd_max": 0,
                "mbps_wr": 0,
                "mbps_wr_max": 0,
                "media": "",
                "replicate": 0,
                "size": "20G",
                "slot": 0,
                "ssd": 0,
                "storage": "bigSSD",
                "storage_type": "zfspool",
                "type": "scsi",
                "volume": "bigSSD:vm-108-disk-0"
              }
            ],
            "disk_gb": 0,
            "force_create": false,
            "force_recreate_on_change_of": null,
            "full_clone": true,
            "guest_agent_ready_timeout": 100,
            "hagroup": "",
            "hastate": "",
            "hotplug": "network,disk,usb",
            "id": "mrprmx/qemu/108",
            "ipconfig0": "ip=192.168.30.0/24,gw=192.168.30.254",
            "ipconfig1": "",
            "ipconfig2": "",
            "ipconfig3": "",
            "ipconfig4": "",
            "ipconfig5": "",
            "iso": null,
            "kvm": true,
            "mac": "",
            "memory": 2048,
            "name": "control-plane-0.k8s.cluster",
            "nameserver": "",
            "network": [
              {
                "bridge": "vmbr0",
                "firewall": false,
                "link_down": false,
                "macaddr": "CA:7A:7C:AF:56:84",
                "model": "virtio",
                "mtu": 0,
                "queues": 0,
                "rate": 0,
                "tag": 30
              }
            ],
            "nic": "",
            "numa": false,
            "onboot": false,
            "oncreate": true,
            "os_network_config": null,
            "os_type": "cloud-init",
            "pool": "",
            "preprovision": true,
            "pxe": null,
            "qemu_os": "other",
            "reboot_required": false,
            "scsihw": "virtio-scsi-pci",
            "searchdomain": "",
            "serial": [],
            "sockets": 1,
            "ssh_forward_ip": null,
            "ssh_host": null,
            "ssh_port": null,
            "ssh_private_key": null,
            "ssh_user": null,
            "sshkeys": "ssh-rsa AAAAB3NzaC1yc2EAAAADAQABAAABAQDubDMAkqSRtSAobsgYc4rkMUFXAhEBQcwBmbVhMUbYyqR8B7C0SeykYEJ3iJjbGiY3odlUR2UmFtBQff60Zll3iy9TNLB/lWhn/lJIQfoqmXy+OTqT5GX4t+fIX73q6GJZtBalvGATTGXIHUe95Vm6YtwHUisWGR7WsrllZKnki8JksAGaFZ/bT/urzoWkjDhYt2lWNHWPw0QiLLafcKv/AgcHcjCO4gP/31LlK8uDQ6l6fKZNjvD2e//3pDPxIyOTrmeQiPTL5FIlEHdTOIgA1OH6dxLYonLQNHRIEQO9mY3BAI9GaKh9np0hPkmh4JlTZ1+BWKuzJbbrUT3R1Xzv Dave@ChuckNorris.local\n\n",
            "storage": "",
            "storage_type": "",
            "tablet": true,
            "tags": "",
            "target_node": "mrprmx",
            "timeouts": null,
            "unused_disk": [],
            "usb": [],
            "vcpus": 0,
            "vga": [],
            "vlan": -1,
            "vmid": null
          },
          "sensitive_attributes": [],
          "private": "eyJlMmJmYjczMC1lY2FhLTExZTYtOGY4OC0zNDM2M2JjN2M0YzAiOnsiY3JlYXRlIjozMDAwMDAwMDAwMDAsImRlZmF1bHQiOjMwMDAwMDAwMDAwMCwiZGVsZXRlIjoxODAwMDAwMDAwMDAsInJlYWQiOjE4MDAwMDAwMDAwMCwidXBkYXRlIjoxODAwMDAwMDAwMDB9fQ=="
        }
      ]
    },
    {
      "mode": "managed",
      "type": "proxmox_vm_qemu",
      "name": "worker_nodes",
      "provider": "provider[\"registry.terraform.io/telmate/proxmox\"]",
      "instances": [
        {
          "index_key": 0,
          "schema_version": 0,
          "attributes": {
            "additional_wait": 0,
            "agent": 0,
            "args": "",
            "automatic_reboot": true,
            "balloon": 0,
            "bios": "seabios",
            "boot": "c",
            "bootdisk": "scsi0",
            "bridge": "",
            "ci_wait": null,
            "cicustom": "",
            "cipassword": "",
            "ciuser": "",
            "clone": "ubuntu-2004-cloudinit-template",
            "clone_wait": 0,
            "cloudinit_cdrom_storage": null,
            "cores": 4,
            "cpu": "host",
            "default_ipv4_address": null,
            "define_connection_info": true,
            "desc": "",
            "disk": [
              {
                "aio": "",
                "backup": 0,
                "cache": "none",
                "discard": "",
                "file": "vm-106-disk-0",
                "format": "raw",
                "iothread": 1,
                "mbps": 0,
                "mbps_rd": 0,
                "mbps_rd_max": 0,
                "mbps_wr": 0,
                "mbps_wr_max": 0,
                "media": "",
                "replicate": 0,
                "size": "20G",
                "slot": 0,
                "ssd": 0,
                "storage": "bigSSD",
                "storage_type": "zfspool",
                "type": "scsi",
                "volume": "bigSSD:vm-106-disk-0"
              }
            ],
            "disk_gb": 0,
            "force_create": false,
            "force_recreate_on_change_of": null,
            "full_clone": true,
            "guest_agent_ready_timeout": 100,
            "hagroup": "",
            "hastate": "",
            "hotplug": "network,disk,usb",
            "id": "mrprmx/qemu/106",
            "ipconfig0": "ip=192.168.30.0/24,gw=192.168.30.254",
            "ipconfig1": "",
            "ipconfig2": "",
            "ipconfig3": "",
            "ipconfig4": "",
            "ipconfig5": "",
            "iso": null,
            "kvm": true,
            "mac": "",
            "memory": 4098,
            "name": "worker-0.k8s.cluster",
            "nameserver": "",
            "network": [
              {
                "bridge": "vmbr0",
                "firewall": false,
                "link_down": false,
                "macaddr": "7A:F9:29:97:65:DE",
                "model": "virtio",
                "mtu": 0,
                "queues": 0,
                "rate": 0,
                "tag": 30
              }
            ],
            "nic": "",
            "numa": false,
            "onboot": false,
            "oncreate": true,
            "os_network_config": null,
            "os_type": "cloud-init",
            "pool": "",
            "preprovision": true,
            "pxe": null,
            "qemu_os": "other",
            "reboot_required": false,
            "scsihw": "virtio-scsi-pci",
            "searchdomain": "",
            "serial": [],
            "sockets": 1,
            "ssh_forward_ip": null,
            "ssh_host": null,
            "ssh_port": null,
            "ssh_private_key": null,
            "ssh_user": null,
            "sshkeys": "ssh-rsa AAAAB3NzaC1yc2EAAAADAQABAAABAQDubDMAkqSRtSAobsgYc4rkMUFXAhEBQcwBmbVhMUbYyqR8B7C0SeykYEJ3iJjbGiY3odlUR2UmFtBQff60Zll3iy9TNLB/lWhn/lJIQfoqmXy+OTqT5GX4t+fIX73q6GJZtBalvGATTGXIHUe95Vm6YtwHUisWGR7WsrllZKnki8JksAGaFZ/bT/urzoWkjDhYt2lWNHWPw0QiLLafcKv/AgcHcjCO4gP/31LlK8uDQ6l6fKZNjvD2e//3pDPxIyOTrmeQiPTL5FIlEHdTOIgA1OH6dxLYonLQNHRIEQO9mY3BAI9GaKh9np0hPkmh4JlTZ1+BWKuzJbbrUT3R1Xzv Dave@ChuckNorris.local\n\n",
            "storage": "",
            "storage_type": "",
            "tablet": true,
            "tags": "",
            "target_node": "mrprmx",
            "timeouts": null,
            "unused_disk": [],
            "usb": [],
            "vcpus": 0,
            "vga": [],
            "vlan": -1,
            "vmid": null
          },
          "sensitive_attributes": [],
          "private": "eyJlMmJmYjczMC1lY2FhLTExZTYtOGY4OC0zNDM2M2JjN2M0YzAiOnsiY3JlYXRlIjozMDAwMDAwMDAwMDAsImRlZmF1bHQiOjMwMDAwMDAwMDAwMCwiZGVsZXRlIjoxODAwMDAwMDAwMDAsInJlYWQiOjE4MDAwMDAwMDAwMCwidXBkYXRlIjoxODAwMDAwMDAwMDB9fQ=="
        },
        {
          "index_key": 1,
          "schema_version": 0,
          "attributes": {
            "additional_wait": 0,
            "agent": 0,
            "args": "",
            "automatic_reboot": true,
            "balloon": 0,
            "bios": "seabios",
            "boot": "c",
            "bootdisk": "scsi0",
            "bridge": "",
            "ci_wait": null,
            "cicustom": "",
            "cipassword": "",
            "ciuser": "",
            "clone": "ubuntu-2004-cloudinit-template",
            "clone_wait": 0,
            "cloudinit_cdrom_storage": null,
            "cores": 4,
            "cpu": "host",
            "default_ipv4_address": null,
            "define_connection_info": true,
            "desc": "",
            "disk": [
              {
                "aio": "",
                "backup": 0,
                "cache": "none",
                "discard": "",
                "file": "vm-105-disk-0",
                "format": "raw",
                "iothread": 1,
                "mbps": 0,
                "mbps_rd": 0,
                "mbps_rd_max": 0,
                "mbps_wr": 0,
                "mbps_wr_max": 0,
                "media": "",
                "replicate": 0,
                "size": "20G",
                "slot": 0,
                "ssd": 0,
                "storage": "bigSSD",
                "storage_type": "zfspool",
                "type": "scsi",
                "volume": "bigSSD:vm-105-disk-0"
              }
            ],
            "disk_gb": 0,
            "force_create": false,
            "force_recreate_on_change_of": null,
            "full_clone": true,
            "guest_agent_ready_timeout": 100,
            "hagroup": "",
            "hastate": "",
            "hotplug": "network,disk,usb",
            "id": "mrprmx/qemu/105",
            "ipconfig0": "ip=192.168.30.1/24,gw=192.168.30.254",
            "ipconfig1": "",
            "ipconfig2": "",
            "ipconfig3": "",
            "ipconfig4": "",
            "ipconfig5": "",
            "iso": null,
            "kvm": true,
            "mac": "",
            "memory": 4098,
            "name": "worker-1.k8s.cluster",
            "nameserver": "",
            "network": [
              {
                "bridge": "vmbr0",
                "firewall": false,
                "link_down": false,
                "macaddr": "F2:99:6E:FD:4D:CA",
                "model": "virtio",
                "mtu": 0,
                "queues": 0,
                "rate": 0,
                "tag": 30
              }
            ],
            "nic": "",
            "numa": false,
            "onboot": false,
            "oncreate": true,
            "os_network_config": null,
            "os_type": "cloud-init",
            "pool": "",
            "preprovision": true,
            "pxe": null,
            "qemu_os": "other",
            "reboot_required": false,
            "scsihw": "virtio-scsi-pci",
            "searchdomain": "",
            "serial": [],
            "sockets": 1,
            "ssh_forward_ip": null,
            "ssh_host": null,
            "ssh_port": null,
            "ssh_private_key": null,
            "ssh_user": null,
            "sshkeys": "ssh-rsa AAAAB3NzaC1yc2EAAAADAQABAAABAQDubDMAkqSRtSAobsgYc4rkMUFXAhEBQcwBmbVhMUbYyqR8B7C0SeykYEJ3iJjbGiY3odlUR2UmFtBQff60Zll3iy9TNLB/lWhn/lJIQfoqmXy+OTqT5GX4t+fIX73q6GJZtBalvGATTGXIHUe95Vm6YtwHUisWGR7WsrllZKnki8JksAGaFZ/bT/urzoWkjDhYt2lWNHWPw0QiLLafcKv/AgcHcjCO4gP/31LlK8uDQ6l6fKZNjvD2e//3pDPxIyOTrmeQiPTL5FIlEHdTOIgA1OH6dxLYonLQNHRIEQO9mY3BAI9GaKh9np0hPkmh4JlTZ1+BWKuzJbbrUT3R1Xzv Dave@ChuckNorris.local\n\n",
            "storage": "",
            "storage_type": "",
            "tablet": true,
            "tags": "",
            "target_node": "mrprmx",
            "timeouts": null,
            "unused_disk": [],
            "usb": [],
            "vcpus": 0,
            "vga": [],
            "vlan": -1,
            "vmid": null
          },
          "sensitive_attributes": [],
          "private": "eyJlMmJmYjczMC1lY2FhLTExZTYtOGY4OC0zNDM2M2JjN2M0YzAiOnsiY3JlYXRlIjozMDAwMDAwMDAwMDAsImRlZmF1bHQiOjMwMDAwMDAwMDAwMCwiZGVsZXRlIjoxODAwMDAwMDAwMDAsInJlYWQiOjE4MDAwMDAwMDAwMCwidXBkYXRlIjoxODAwMDAwMDAwMDB9fQ=="
        },
        {
          "index_key": 2,
          "schema_version": 0,
          "attributes": {
            "additional_wait": 0,
            "agent": 0,
            "args": "",
            "automatic_reboot": true,
            "balloon": 0,
            "bios": "seabios",
            "boot": "c",
            "bootdisk": "scsi0",
            "bridge": "",
            "ci_wait": null,
            "cicustom": "",
            "cipassword": "",
            "ciuser": "",
            "clone": "ubuntu-2004-cloudinit-template",
            "clone_wait": 0,
            "cloudinit_cdrom_storage": null,
            "cores": 4,
            "cpu": "host",
            "default_ipv4_address": null,
            "define_connection_info": true,
            "desc": "",
            "disk": [
              {
                "aio": "",
                "backup": 0,
                "cache": "none",
                "discard": "",
                "file": "vm-107-disk-0",
                "format": "raw",
                "iothread": 1,
                "mbps": 0,
                "mbps_rd": 0,
                "mbps_rd_max": 0,
                "mbps_wr": 0,
                "mbps_wr_max": 0,
                "media": "",
                "replicate": 0,
                "size": "20G",
                "slot": 0,
                "ssd": 0,
                "storage": "bigSSD",
                "storage_type": "zfspool",
                "type": "scsi",
                "volume": "bigSSD:vm-107-disk-0"
              }
            ],
            "disk_gb": 0,
            "force_create": false,
            "force_recreate_on_change_of": null,
            "full_clone": true,
            "guest_agent_ready_timeout": 100,
            "hagroup": "",
            "hastate": "",
            "hotplug": "network,disk,usb",
            "id": "mrprmx/qemu/107",
            "ipconfig0": "ip=192.168.30.2/24,gw=192.168.30.254",
            "ipconfig1": "",
            "ipconfig2": "",
            "ipconfig3": "",
            "ipconfig4": "",
            "ipconfig5": "",
            "iso": null,
            "kvm": true,
            "mac": "",
            "memory": 4098,
            "name": "worker-2.k8s.cluster",
            "nameserver": "",
            "network": [
              {
                "bridge": "vmbr0",
                "firewall": false,
                "link_down": false,
                "macaddr": "0A:25:92:EA:92:D0",
                "model": "virtio",
                "mtu": 0,
                "queues": 0,
                "rate": 0,
                "tag": 30
              }
            ],
            "nic": "",
            "numa": false,
            "onboot": false,
            "oncreate": true,
            "os_network_config": null,
            "os_type": "cloud-init",
            "pool": "",
            "preprovision": true,
            "pxe": null,
            "qemu_os": "other",
            "reboot_required": false,
            "scsihw": "virtio-scsi-pci",
            "searchdomain": "",
            "serial": [],
            "sockets": 1,
            "ssh_forward_ip": null,
            "ssh_host": null,
            "ssh_port": null,
            "ssh_private_key": null,
            "ssh_user": null,
            "sshkeys": "ssh-rsa AAAAB3NzaC1yc2EAAAADAQABAAABAQDubDMAkqSRtSAobsgYc4rkMUFXAhEBQcwBmbVhMUbYyqR8B7C0SeykYEJ3iJjbGiY3odlUR2UmFtBQff60Zll3iy9TNLB/lWhn/lJIQfoqmXy+OTqT5GX4t+fIX73q6GJZtBalvGATTGXIHUe95Vm6YtwHUisWGR7WsrllZKnki8JksAGaFZ/bT/urzoWkjDhYt2lWNHWPw0QiLLafcKv/AgcHcjCO4gP/31LlK8uDQ6l6fKZNjvD2e//3pDPxIyOTrmeQiPTL5FIlEHdTOIgA1OH6dxLYonLQNHRIEQO9mY3BAI9GaKh9np0hPkmh4JlTZ1+BWKuzJbbrUT3R1Xzv Dave@ChuckNorris.local\n\n",
            "storage": "",
            "storage_type": "",
            "tablet": true,
            "tags": "",
            "target_node": "mrprmx",
            "timeouts": null,
            "unused_disk": [],
            "usb": [],
            "vcpus": 0,
            "vga": [],
            "vlan": -1,
            "vmid": null
          },
          "sensitive_attributes": [],
          "private": "eyJlMmJmYjczMC1lY2FhLTExZTYtOGY4OC0zNDM2M2JjN2M0YzAiOnsiY3JlYXRlIjozMDAwMDAwMDAwMDAsImRlZmF1bHQiOjMwMDAwMDAwMDAwMCwiZGVsZXRlIjoxODAwMDAwMDAwMDAsInJlYWQiOjE4MDAwMDAwMDAwMCwidXBkYXRlIjoxODAwMDAwMDAwMDB9fQ=="
        }
      ]
    }
  ]
}
